
Microsoft Visual Studio Solution File, Format Version 12.00
# Visual Studio 15
VisualStudioVersion = 15.0.28307.421
MinimumVisualStudioVersion = 10.0.40219.1
Project("{FAE04EC0-301F-11D3-BF4B-00C04F79EFBC}") = "ShoppingList", "ShoppingList\ShoppingList.csproj", "{75D5A0FD-A049-4FB3-B6A8-00C29CC7C338}"
EndProject
Global
	GlobalSection(SolutionConfigurationPlatforms) = preSolution
		Debug|Any CPU = Debug|Any CPU
		Release|Any CPU = Release|Any CPU
	EndGlobalSection
	GlobalSection(ProjectConfigurationPlatforms) = postSolution
		{75D5A0FD-A049-4FB3-B6A8-00C29CC7C338}.Debug|Any CPU.ActiveCfg = Debug|Any CPU
		{75D5A0FD-A049-4FB3-B6A8-00C29CC7C338}.Debug|Any CPU.Build.0 = Debug|Any CPU
		{75D5A0FD-A049-4FB3-B6A8-00C29CC7C338}.Release|Any CPU.ActiveCfg = Release|Any CPU
		{75D5A0FD-A049-4FB3-B6A8-00C29CC7C338}.Release|Any CPU.Build.0 = Release|Any CPU
	EndGlobalSection
	GlobalSection(SolutionProperties) = preSolution
		HideSolutionNode = FALSE
	EndGlobalSection
	GlobalSection(ExtensibilityGlobals) = postSolution
		SolutionGuid = {520CE04C-F2A5-480A-ACC6-95A2C5AAF4B8}
	EndGlobalSection
EndGlobal
